
Microsoft Visual Studio Solution File, Format Version 12.00
# Visual Studio Version 17
VisualStudioVersion = 17.7.34018.315
MinimumVisualStudioVersion = 10.0.40219.1
Project("{9A19103F-16F7-4668-BE54-9A1E7A4F7556}") = "BackendApi1", "BackendApi1.csproj", "{48E2E96B-B888-443B-8DB3-3D9EFD87FA08}"
EndProject
Project("{FAE04EC0-301F-11D3-BF4B-00C04F79EFBC}") = "DataAccess", "..\DataAccess\DataAccess.csproj", "{0EFA75F9-091F-47A2-8346-CB9ADA8371A1}"
EndProject
Global
	GlobalSection(SolutionConfigurationPlatforms) = preSolution
		Debug|Any CPU = Debug|Any CPU
		Release|Any CPU = Release|Any CPU
	EndGlobalSection
	GlobalSection(ProjectConfigurationPlatforms) = postSolution
		{48E2E96B-B888-443B-8DB3-3D9EFD87FA08}.Debug|Any CPU.ActiveCfg = Debug|Any CPU
		{48E2E96B-B888-443B-8DB3-3D9EFD87FA08}.Debug|Any CPU.Build.0 = Debug|Any CPU
		{48E2E96B-B888-443B-8DB3-3D9EFD87FA08}.Release|Any CPU.ActiveCfg = Release|Any CPU
		{48E2E96B-B888-443B-8DB3-3D9EFD87FA08}.Release|Any CPU.Build.0 = Release|Any CPU
		{0EFA75F9-091F-47A2-8346-CB9ADA8371A1}.Debug|Any CPU.ActiveCfg = Debug|Any CPU
		{0EFA75F9-091F-47A2-8346-CB9ADA8371A1}.Debug|Any CPU.Build.0 = Debug|Any CPU
		{0EFA75F9-091F-47A2-8346-CB9ADA8371A1}.Release|Any CPU.ActiveCfg = Release|Any CPU
		{0EFA75F9-091F-47A2-8346-CB9ADA8371A1}.Release|Any CPU.Build.0 = Release|Any CPU
	EndGlobalSection
	GlobalSection(SolutionProperties) = preSolution
		HideSolutionNode = FALSE
	EndGlobalSection
	GlobalSection(ExtensibilityGlobals) = postSolution
		SolutionGuid = {BD81DA45-6EDE-4C5B-A031-9AF6272D2FB3}
	EndGlobalSection
EndGlobal
